
Microsoft Visual Studio Solution File, Format Version 12.00
# Visual Studio Version 17
VisualStudioVersion = 17.9.34622.214
MinimumVisualStudioVersion = 10.0.40219.1
Project("{FAE04EC0-301F-11D3-BF4B-00C04F79EFBC}") = "Lab2", "Lab2.csproj", "{0130C87A-72B3-4CC1-8873-DB591E5C2A16}"
EndProject
Global
	GlobalSection(SolutionConfigurationPlatforms) = preSolution
		Debug|Any CPU = Debug|Any CPU
		Release|Any CPU = Release|Any CPU
	EndGlobalSection
	GlobalSection(ProjectConfigurationPlatforms) = postSolution
		{0130C87A-72B3-4CC1-8873-DB591E5C2A16}.Debug|Any CPU.ActiveCfg = Debug|Any CPU
		{0130C87A-72B3-4CC1-8873-DB591E5C2A16}.Debug|Any CPU.Build.0 = Debug|Any CPU
		{0130C87A-72B3-4CC1-8873-DB591E5C2A16}.Release|Any CPU.ActiveCfg = Release|Any CPU
		{0130C87A-72B3-4CC1-8873-DB591E5C2A16}.Release|Any CPU.Build.0 = Release|Any CPU
	EndGlobalSection
	GlobalSection(SolutionProperties) = preSolution
		HideSolutionNode = FALSE
	EndGlobalSection
	GlobalSection(ExtensibilityGlobals) = postSolution
		SolutionGuid = {318E946E-05B4-4DA9-BD99-152D11426F82}
	EndGlobalSection
EndGlobal
